# THIS IS AN AUTOGENERATED FILE. DO NOT EDIT THIS FILE DIRECTLY.
# yarn lockfile v1


openzeppelin-solidity@^2.0.0:
  version "2.0.0"
  resolved "https://registry.yarnpkg.com/openzeppelin-solidity/-/openzeppelin-solidity-2.0.0.tgz#b45dddbdae090f89577598c1a7e7518df61b7ba2"

truffle-hdwallet-provider@^1.0.0-web3one.1:
  version "1.0.0-web3one.1"
  resolved "https://registry.yarnpkg.com/truffle-hdwallet-provider/-/truffle-hdwallet-provider-1.0.0-web3one.1.tgz#89fbdb74a13156112b5c7e1c4b8f0e03a360b867"
